// !$*UTF8*$!
{
	archiveVersion = 1;
	classes = {
	};
	objectVersion = 55;
	objects = {

/* Begin PBXBuildFile section */
		C41193D427BD420B003013FC /* ContentViewRow.swift in Sources */ = {isa = PBXBuildFile; fileRef = C41193D327BD420B003013FC /* ContentViewRow.swift */; };
		C427FEDE27BE99F80075235F /* ContentDetailView.swift in Sources */ = {isa = PBXBuildFile; fileRef = C427FEDD27BE99F80075235F /* ContentDetailView.swift */; };
		C427FEE127BEE9430075235F /* AVKit.framework in Frameworks */ = {isa = PBXBuildFile; fileRef = C427FEE027BEE9430075235F /* AVKit.framework */; };
		C427FEE327BEF0410075235F /* Constants.swift in Sources */ = {isa = PBXBuildFile; fileRef = C427FEE227BEF0410075235F /* Constants.swift */; };
		C432E6CE27C7909700BD9237 /* TestView.swift in Sources */ = {isa = PBXBuildFile; fileRef = C432E6CD27C7909700BD9237 /* TestView.swift */; };
		C44FCC8427B3D4CB006EFBB2 /* LearningApp.swift in Sources */ = {isa = PBXBuildFile; fileRef = C44FCC8327B3D4CB006EFBB2 /* LearningApp.swift */; };
		C44FCC8627B3D4CB006EFBB2 /* HomeView.swift in Sources */ = {isa = PBXBuildFile; fileRef = C44FCC8527B3D4CB006EFBB2 /* HomeView.swift */; };
		C44FCC8827B3D4CC006EFBB2 /* Assets.xcassets in Resources */ = {isa = PBXBuildFile; fileRef = C44FCC8727B3D4CC006EFBB2 /* Assets.xcassets */; };
		C44FCC8B27B3D4CC006EFBB2 /* Preview Assets.xcassets in Resources */ = {isa = PBXBuildFile; fileRef = C44FCC8A27B3D4CC006EFBB2 /* Preview Assets.xcassets */; };
		C44FCC9727B3D64C006EFBB2 /* ContentModel.swift in Sources */ = {isa = PBXBuildFile; fileRef = C44FCC9627B3D64C006EFBB2 /* ContentModel.swift */; };
		C44FCC9A27B3DC4A006EFBB2 /* data.json in Resources */ = {isa = PBXBuildFile; fileRef = C44FCC9827B3DC4A006EFBB2 /* data.json */; };
		C44FCC9B27B3DC4A006EFBB2 /* style.html in Resources */ = {isa = PBXBuildFile; fileRef = C44FCC9927B3DC4A006EFBB2 /* style.html */; };
		C477245827B535190065C3E1 /* Models.swift in Sources */ = {isa = PBXBuildFile; fileRef = C477245727B535190065C3E1 /* Models.swift */; };
		C477245A27B564F10065C3E1 /* HomeViewRow.swift in Sources */ = {isa = PBXBuildFile; fileRef = C477245927B564F10065C3E1 /* HomeViewRow.swift */; };
		C477245C27B69B460065C3E1 /* ContentView.swift in Sources */ = {isa = PBXBuildFile; fileRef = C477245B27B69B460065C3E1 /* ContentView.swift */; };
		C4BE2D0927C51B0C001DD1BB /* CodeTextView.swift in Sources */ = {isa = PBXBuildFile; fileRef = C4BE2D0827C51B0C001DD1BB /* CodeTextView.swift */; };
		C4D92AB027C6737C006CE505 /* RectangleCard.swift in Sources */ = {isa = PBXBuildFile; fileRef = C4D92AAF27C6737C006CE505 /* RectangleCard.swift */; };
/* End PBXBuildFile section */

/* Begin PBXFileReference section */
		C41193D327BD420B003013FC /* ContentViewRow.swift */ = {isa = PBXFileReference; lastKnownFileType = sourcecode.swift; name = ContentViewRow.swift; path = ../../../../../../../../../../../../../../ContentViewRow.swift; sourceTree = "<group>"; };
		C427FEDD27BE99F80075235F /* ContentDetailView.swift */ = {isa = PBXFileReference; lastKnownFileType = sourcecode.swift; name = ContentDetailView.swift; path = ../../../../../../../../../../../../../../ContentDetailView.swift; sourceTree = "<group>"; };
		C427FEE027BEE9430075235F /* AVKit.framework */ = {isa = PBXFileReference; lastKnownFileType = wrapper.framework; name = AVKit.framework; path = System/Library/Frameworks/AVKit.framework; sourceTree = SDKROOT; };
		C427FEE227BEF0410075235F /* Constants.swift */ = {isa = PBXFileReference; lastKnownFileType = sourcecode.swift; name = Constants.swift; path = ../../../../../../../../../../../../../../Constants.swift; sourceTree = "<group>"; };
		C432E6CD27C7909700BD9237 /* TestView.swift */ = {isa = PBXFileReference; lastKnownFileType = sourcecode.swift; path = TestView.swift; sourceTree = "<group>"; };
		C44FCC8027B3D4CB006EFBB2 /* LearningApp.app */ = {isa = PBXFileReference; explicitFileType = wrapper.application; includeInIndex = 0; path = LearningApp.app; sourceTree = BUILT_PRODUCTS_DIR; };
		C44FCC8327B3D4CB006EFBB2 /* LearningApp.swift */ = {isa = PBXFileReference; lastKnownFileType = sourcecode.swift; path = LearningApp.swift; sourceTree = "<group>"; };
		C44FCC8527B3D4CB006EFBB2 /* HomeView.swift */ = {isa = PBXFileReference; lastKnownFileType = sourcecode.swift; path = HomeView.swift; sourceTree = "<group>"; };
		C44FCC8727B3D4CC006EFBB2 /* Assets.xcassets */ = {isa = PBXFileReference; lastKnownFileType = folder.assetcatalog; path = Assets.xcassets; sourceTree = "<group>"; };
		C44FCC8A27B3D4CC006EFBB2 /* Preview Assets.xcassets */ = {isa = PBXFileReference; lastKnownFileType = folder.assetcatalog; path = "Preview Assets.xcassets"; sourceTree = "<group>"; };
		C44FCC9627B3D64C006EFBB2 /* ContentModel.swift */ = {isa = PBXFileReference; lastKnownFileType = sourcecode.swift; path = ContentModel.swift; sourceTree = "<group>"; };
		C44FCC9827B3DC4A006EFBB2 /* data.json */ = {isa = PBXFileReference; fileEncoding = 4; lastKnownFileType = text.json; path = data.json; sourceTree = "<group>"; };
		C44FCC9927B3DC4A006EFBB2 /* style.html */ = {isa = PBXFileReference; fileEncoding = 4; lastKnownFileType = text.html; path = style.html; sourceTree = "<group>"; };
		C477245727B535190065C3E1 /* Models.swift */ = {isa = PBXFileReference; lastKnownFileType = sourcecode.swift; name = Models.swift; path = ../../../../../../../../../../../../../../Models.swift; sourceTree = "<group>"; };
		C477245927B564F10065C3E1 /* HomeViewRow.swift */ = {isa = PBXFileReference; lastKnownFileType = sourcecode.swift; name = HomeViewRow.swift; path = ../../../../../../../../../../../../../../HomeViewRow.swift; sourceTree = "<group>"; };
		C477245B27B69B460065C3E1 /* ContentView.swift */ = {isa = PBXFileReference; lastKnownFileType = sourcecode.swift; name = ContentView.swift; path = ../../../../../../../../../../../../../../ContentView.swift; sourceTree = "<group>"; };
		C4BE2D0827C51B0C001DD1BB /* CodeTextView.swift */ = {isa = PBXFileReference; lastKnownFileType = sourcecode.swift; path = CodeTextView.swift; sourceTree = "<group>"; };
		C4D92AAF27C6737C006CE505 /* RectangleCard.swift */ = {isa = PBXFileReference; lastKnownFileType = sourcecode.swift; path = RectangleCard.swift; sourceTree = "<group>"; };
/* End PBXFileReference section */

/* Begin PBXFrameworksBuildPhase section */
		C44FCC7D27B3D4CB006EFBB2 /* Frameworks */ = {
			isa = PBXFrameworksBuildPhase;
			buildActionMask = 2147483647;
			files = (
				C427FEE127BEE9430075235F /* AVKit.framework in Frameworks */,
			);
			runOnlyForDeploymentPostprocessing = 0;
		};
/* End PBXFrameworksBuildPhase section */

/* Begin PBXGroup section */
		C427FEDF27BEE9430075235F /* Frameworks */ = {
			isa = PBXGroup;
			children = (
				C427FEE027BEE9430075235F /* AVKit.framework */,
			);
			name = Frameworks;
			sourceTree = "<group>";
		};
		C44FCC7727B3D4CB006EFBB2 = {
			isa = PBXGroup;
			children = (
				C44FCC8227B3D4CB006EFBB2 /* LearningApp */,
				C44FCC8127B3D4CB006EFBB2 /* Products */,
				C427FEDF27BEE9430075235F /* Frameworks */,
			);
			sourceTree = "<group>";
		};
		C44FCC8127B3D4CB006EFBB2 /* Products */ = {
			isa = PBXGroup;
			children = (
				C44FCC8027B3D4CB006EFBB2 /* LearningApp.app */,
			);
			name = Products;
			sourceTree = "<group>";
		};
		C44FCC8227B3D4CB006EFBB2 /* LearningApp */ = {
			isa = PBXGroup;
			children = (
				C44FCC8327B3D4CB006EFBB2 /* LearningApp.swift */,
				C44FCC9127B3D5E4006EFBB2 /* View */,
				C44FCC9227B3D5EA006EFBB2 /* ViewModels */,
				C44FCC9327B3D5F2006EFBB2 /* Models */,
				C44FCC9427B3D5F6006EFBB2 /* Resources */,
				C44FCC9527B3D600006EFBB2 /* Helpers */,
				C44FCC8727B3D4CC006EFBB2 /* Assets.xcassets */,
				C44FCC8927B3D4CC006EFBB2 /* Preview Content */,
			);
			path = LearningApp;
			sourceTree = "<group>";
		};
		C44FCC8927B3D4CC006EFBB2 /* Preview Content */ = {
			isa = PBXGroup;
			children = (
				C44FCC8A27B3D4CC006EFBB2 /* Preview Assets.xcassets */,
			);
			path = "Preview Content";
			sourceTree = "<group>";
		};
		C44FCC9127B3D5E4006EFBB2 /* View */ = {
			isa = PBXGroup;
			children = (
				C44FCC8527B3D4CB006EFBB2 /* HomeView.swift */,
				C477245927B564F10065C3E1 /* HomeViewRow.swift */,
				C477245B27B69B460065C3E1 /* ContentView.swift */,
				C41193D327BD420B003013FC /* ContentViewRow.swift */,
				C427FEDD27BE99F80075235F /* ContentDetailView.swift */,
				C432E6CD27C7909700BD9237 /* TestView.swift */,
				C4BE2D0827C51B0C001DD1BB /* CodeTextView.swift */,
				C4D92AAF27C6737C006CE505 /* RectangleCard.swift */,
			);
			path = View;
			sourceTree = "<group>";
		};
		C44FCC9227B3D5EA006EFBB2 /* ViewModels */ = {
			isa = PBXGroup;
			children = (
				C44FCC9627B3D64C006EFBB2 /* ContentModel.swift */,
			);
			path = ViewModels;
			sourceTree = "<group>";
		};
		C44FCC9327B3D5F2006EFBB2 /* Models */ = {
			isa = PBXGroup;
			children = (
				C477245727B535190065C3E1 /* Models.swift */,
			);
			path = Models;
			sourceTree = "<group>";
		};
		C44FCC9427B3D5F6006EFBB2 /* Resources */ = {
			isa = PBXGroup;
			children = (
				C44FCC9827B3DC4A006EFBB2 /* data.json */,
				C44FCC9927B3DC4A006EFBB2 /* style.html */,
				C427FEE227BEF0410075235F /* Constants.swift */,
			);
			path = Resources;
			sourceTree = "<group>";
		};
		C44FCC9527B3D600006EFBB2 /* Helpers */ = {
			isa = PBXGroup;
			children = (
			);
			path = Helpers;
			sourceTree = "<group>";
		};
/* End PBXGroup section */

/* Begin PBXNativeTarget section */
		C44FCC7F27B3D4CB006EFBB2 /* LearningApp */ = {
			isa = PBXNativeTarget;
			buildConfigurationList = C44FCC8E27B3D4CC006EFBB2 /* Build configuration list for PBXNativeTarget "LearningApp" */;
			buildPhases = (
				C44FCC7C27B3D4CB006EFBB2 /* Sources */,
				C44FCC7D27B3D4CB006EFBB2 /* Frameworks */,
				C44FCC7E27B3D4CB006EFBB2 /* Resources */,
			);
			buildRules = (
			);
			dependencies = (
			);
			name = LearningApp;
			productName = LearningApp;
			productReference = C44FCC8027B3D4CB006EFBB2 /* LearningApp.app */;
			productType = "com.apple.product-type.application";
		};
/* End PBXNativeTarget section */

/* Begin PBXProject section */
		C44FCC7827B3D4CB006EFBB2 /* Project object */ = {
			isa = PBXProject;
			attributes = {
				BuildIndependentTargetsInParallel = 1;
				LastSwiftUpdateCheck = 1320;
				LastUpgradeCheck = 1320;
				TargetAttributes = {
					C44FCC7F27B3D4CB006EFBB2 = {
						CreatedOnToolsVersion = 13.2.1;
					};
				};
			};
			buildConfigurationList = C44FCC7B27B3D4CB006EFBB2 /* Build configuration list for PBXProject "LearningApp" */;
			compatibilityVersion = "Xcode 13.0";
			developmentRegion = en;
			hasScannedForEncodings = 0;
			knownRegions = (
				en,
				Base,
			);
			mainGroup = C44FCC7727B3D4CB006EFBB2;
			productRefGroup = C44FCC8127B3D4CB006EFBB2 /* Products */;
			projectDirPath = "";
			projectRoot = "";
			targets = (
				C44FCC7F27B3D4CB006EFBB2 /* LearningApp */,
			);
		};
/* End PBXProject section */

/* Begin PBXResourcesBuildPhase section */
		C44FCC7E27B3D4CB006EFBB2 /* Resources */ = {
			isa = PBXResourcesBuildPhase;
			buildActionMask = 2147483647;
			files = (
				C44FCC8B27B3D4CC006EFBB2 /* Preview Assets.xcassets in Resources */,
				C44FCC9A27B3DC4A006EFBB2 /* data.json in Resources */,
				C44FCC9B27B3DC4A006EFBB2 /* style.html in Resources */,
				C44FCC8827B3D4CC006EFBB2 /* Assets.xcassets in Resources */,
			);
			runOnlyForDeploymentPostprocessing = 0;
		};
/* End PBXResourcesBuildPhase section */

/* Begin PBXSourcesBuildPhase section */
		C44FCC7C27B3D4CB006EFBB2 /* Sources */ = {
			isa = PBXSourcesBuildPhase;
			buildActionMask = 2147483647;
			files = (
				C432E6CE27C7909700BD9237 /* TestView.swift in Sources */,
				C44FCC8627B3D4CB006EFBB2 /* HomeView.swift in Sources */,
				C477245A27B564F10065C3E1 /* HomeViewRow.swift in Sources */,
				C477245C27B69B460065C3E1 /* ContentView.swift in Sources */,
				C427FEDE27BE99F80075235F /* ContentDetailView.swift in Sources */,
				C44FCC8427B3D4CB006EFBB2 /* LearningApp.swift in Sources */,
				C41193D427BD420B003013FC /* ContentViewRow.swift in Sources */,
				C4BE2D0927C51B0C001DD1BB /* CodeTextView.swift in Sources */,
				C44FCC9727B3D64C006EFBB2 /* ContentModel.swift in Sources */,
				C477245827B535190065C3E1 /* Models.swift in Sources */,
				C4D92AB027C6737C006CE505 /* RectangleCard.swift in Sources */,
				C427FEE327BEF0410075235F /* Constants.swift in Sources */,
			);
			runOnlyForDeploymentPostprocessing = 0;
		};
/* End PBXSourcesBuildPhase section */

/* Begin XCBuildConfiguration section */
		C44FCC8C27B3D4CC006EFBB2 /* Debug */ = {
			isa = XCBuildConfiguration;
			buildSettings = {
				ALWAYS_SEARCH_USER_PATHS = NO;
				CLANG_ANALYZER_NONNULL = YES;
				CLANG_ANALYZER_NUMBER_OBJECT_CONVERSION = YES_AGGRESSIVE;
				CLANG_CXX_LANGUAGE_STANDARD = "gnu++17";
				CLANG_CXX_LIBRARY = "libc++";
				CLANG_ENABLE_MODULES = YES;
				CLANG_ENABLE_OBJC_ARC = YES;
				CLANG_ENABLE_OBJC_WEAK = YES;
				CLANG_WARN_BLOCK_CAPTURE_AUTORELEASING = YES;
				CLANG_WARN_BOOL_CONVERSION = YES;
				CLANG_WARN_COMMA = YES;
				CLANG_WARN_CONSTANT_CONVERSION = YES;
				CLANG_WARN_DEPRECATED_OBJC_IMPLEMENTATIONS = YES;
				CLANG_WARN_DIRECT_OBJC_ISA_USAGE = YES_ERROR;
				CLANG_WARN_DOCUMENTATION_COMMENTS = YES;
				CLANG_WARN_EMPTY_BODY = YES;
				CLANG_WARN_ENUM_CONVERSION = YES;
				CLANG_WARN_INFINITE_RECURSION = YES;
				CLANG_WARN_INT_CONVERSION = YES;
				CLANG_WARN_NON_LITERAL_NULL_CONVERSION = YES;
				CLANG_WARN_OBJC_IMPLICIT_RETAIN_SELF = YES;
				CLANG_WARN_OBJC_LITERAL_CONVERSION = YES;
				CLANG_WARN_OBJC_ROOT_CLASS = YES_ERROR;
				CLANG_WARN_QUOTED_INCLUDE_IN_FRAMEWORK_HEADER = YES;
				CLANG_WARN_RANGE_LOOP_ANALYSIS = YES;
				CLANG_WARN_STRICT_PROTOTYPES = YES;
				CLANG_WARN_SUSPICIOUS_MOVE = YES;
				CLANG_WARN_UNGUARDED_AVAILABILITY = YES_AGGRESSIVE;
				CLANG_WARN_UNREACHABLE_CODE = YES;
				CLANG_WARN__DUPLICATE_METHOD_MATCH = YES;
				COPY_PHASE_STRIP = NO;
				DEBUG_INFORMATION_FORMAT = dwarf;
				ENABLE_STRICT_OBJC_MSGSEND = YES;
				ENABLE_TESTABILITY = YES;
				GCC_C_LANGUAGE_STANDARD = gnu11;
				GCC_DYNAMIC_NO_PIC = NO;
				GCC_NO_COMMON_BLOCKS = YES;
				GCC_OPTIMIZATION_LEVEL = 0;
				GCC_PREPROCESSOR_DEFINITIONS = (
					"DEBUG=1",
					"$(inherited)",
				);
				GCC_WARN_64_TO_32_BIT_CONVERSION = YES;
				GCC_WARN_ABOUT_RETURN_TYPE = YES_ERROR;
				GCC_WARN_UNDECLARED_SELECTOR = YES;
				GCC_WARN_UNINITIALIZED_AUTOS = YES_AGGRESSIVE;
				GCC_WARN_UNUSED_FUNCTION = YES;
				GCC_WARN_UNUSED_VARIABLE = YES;
				IPHONEOS_DEPLOYMENT_TARGET = 15.2;
				MTL_ENABLE_DEBUG_INFO = INCLUDE_SOURCE;
				MTL_FAST_MATH = YES;
				ONLY_ACTIVE_ARCH = YES;
				SDKROOT = iphoneos;
				SWIFT_ACTIVE_COMPILATION_CONDITIONS = DEBUG;
				SWIFT_OPTIMIZATION_LEVEL = "-Onone";
			};
			name = Debug;
		};
		C44FCC8D27B3D4CC006EFBB2 /* Release */ = {
			isa = XCBuildConfiguration;
			buildSettings = {
				ALWAYS_SEARCH_USER_PATHS = NO;
				CLANG_ANALYZER_NONNULL = YES;
				CLANG_ANALYZER_NUMBER_OBJECT_CONVERSION = YES_AGGRESSIVE;
				CLANG_CXX_LANGUAGE_STANDARD = "gnu++17";
				CLANG_CXX_LIBRARY = "libc++";
				CLANG_ENABLE_MODULES = YES;
				CLANG_ENABLE_OBJC_ARC = YES;
				CLANG_ENABLE_OBJC_WEAK = YES;
				CLANG_WARN_BLOCK_CAPTURE_AUTORELEASING = YES;
				CLANG_WARN_BOOL_CONVERSION = YES;
				CLANG_WARN_COMMA = YES;
				CLANG_WARN_CONSTANT_CONVERSION = YES;
				CLANG_WARN_DEPRECATED_OBJC_IMPLEMENTATIONS = YES;
				CLANG_WARN_DIRECT_OBJC_ISA_USAGE = YES_ERROR;
				CLANG_WARN_DOCUMENTATION_COMMENTS = YES;
				CLANG_WARN_EMPTY_BODY = YES;
				CLANG_WARN_ENUM_CONVERSION = YES;
				CLANG_WARN_INFINITE_RECURSION = YES;
				CLANG_WARN_INT_CONVERSION = YES;
				CLANG_WARN_NON_LITERAL_NULL_CONVERSION = YES;
				CLANG_WARN_OBJC_IMPLICIT_RETAIN_SELF = YES;
				CLANG_WARN_OBJC_LITERAL_CONVERSION = YES;
				CLANG_WARN_OBJC_ROOT_CLASS = YES_ERROR;
				CLANG_WARN_QUOTED_INCLUDE_IN_FRAMEWORK_HEADER = YES;
				CLANG_WARN_RANGE_LOOP_ANALYSIS = YES;
				CLANG_WARN_STRICT_PROTOTYPES = YES;
				CLANG_WARN_SUSPICIOUS_MOVE = YES;
				CLANG_WARN_UNGUARDED_AVAILABILITY = YES_AGGRESSIVE;
				CLANG_WARN_UNREACHABLE_CODE = YES;
				CLANG_WARN__DUPLICATE_METHOD_MATCH = YES;
				COPY_PHASE_STRIP = NO;
				DEBUG_INFORMATION_FORMAT = "dwarf-with-dsym";
				ENABLE_NS_ASSERTIONS = NO;
				ENABLE_STRICT_OBJC_MSGSEND = YES;
				GCC_C_LANGUAGE_STANDARD = gnu11;
				GCC_NO_COMMON_BLOCKS = YES;
				GCC_WARN_64_TO_32_BIT_CONVERSION = YES;
				GCC_WARN_ABOUT_RETURN_TYPE = YES_ERROR;
				GCC_WARN_UNDECLARED_SELECTOR = YES;
				GCC_WARN_UNINITIALIZED_AUTOS = YES_AGGRESSIVE;
				GCC_WARN_UNUSED_FUNCTION = YES;
				GCC_WARN_UNUSED_VARIABLE = YES;
				IPHONEOS_DEPLOYMENT_TARGET = 15.2;
				MTL_ENABLE_DEBUG_INFO = NO;
				MTL_FAST_MATH = YES;
				SDKROOT = iphoneos;
				SWIFT_COMPILATION_MODE = wholemodule;
				SWIFT_OPTIMIZATION_LEVEL = "-O";
				VALIDATE_PRODUCT = YES;
			};
			name = Release;
		};
		C44FCC8F27B3D4CC006EFBB2 /* Debug */ = {
			isa = XCBuildConfiguration;
			buildSettings = {
				ASSETCATALOG_COMPILER_APPICON_NAME = AppIcon;
				ASSETCATALOG_COMPILER_GLOBAL_ACCENT_COLOR_NAME = AccentColor;
				CODE_SIGN_STYLE = Automatic;
				CURRENT_PROJECT_VERSION = 1;
				DEVELOPMENT_ASSET_PATHS = "\"LearningApp/Preview Content\"";
				DEVELOPMENT_TEAM = B24LMCP265;
				ENABLE_PREVIEWS = YES;
				GENERATE_INFOPLIST_FILE = YES;
				INFOPLIST_KEY_UIApplicationSceneManifest_Generation = YES;
				INFOPLIST_KEY_UIApplicationSupportsIndirectInputEvents = YES;
				INFOPLIST_KEY_UILaunchScreen_Generation = YES;
				INFOPLIST_KEY_UISupportedInterfaceOrientations_iPad = "UIInterfaceOrientationPortrait UIInterfaceOrientationPortraitUpsideDown UIInterfaceOrientationLandscapeLeft UIInterfaceOrientationLandscapeRight";
				INFOPLIST_KEY_UISupportedInterfaceOrientations_iPhone = "UIInterfaceOrientationPortrait UIInterfaceOrientationLandscapeLeft UIInterfaceOrientationLandscapeRight";
				LD_RUNPATH_SEARCH_PATHS = (
					"$(inherited)",
					"@executable_path/Frameworks",
				);
				MARKETING_VERSION = 1.0;
				PRODUCT_BUNDLE_IDENTIFIER = it.LearningApp;
				PRODUCT_NAME = "$(TARGET_NAME)";
				SWIFT_EMIT_LOC_STRINGS = YES;
				SWIFT_VERSION = 5.0;
				TARGETED_DEVICE_FAMILY = "1,2";
			};
			name = Debug;
		};
		C44FCC9027B3D4CC006EFBB2 /* Release */ = {
			isa = XCBuildConfiguration;
			buildSettings = {
				ASSETCATALOG_COMPILER_APPICON_NAME = AppIcon;
				ASSETCATALOG_COMPILER_GLOBAL_ACCENT_COLOR_NAME = AccentColor;
				CODE_SIGN_STYLE = Automatic;
				CURRENT_PROJECT_VERSION = 1;
				DEVELOPMENT_ASSET_PATHS = "\"LearningApp/Preview Content\"";
				DEVELOPMENT_TEAM = B24LMCP265;
				ENABLE_PREVIEWS = YES;
				GENERATE_INFOPLIST_FILE = YES;
				INFOPLIST_KEY_UIApplicationSceneManifest_Generation = YES;
				INFOPLIST_KEY_UIApplicationSupportsIndirectInputEvents = YES;
				INFOPLIST_KEY_UILaunchScreen_Generation = YES;
				INFOPLIST_KEY_UISupportedInterfaceOrientations_iPad = "UIInterfaceOrientationPortrait UIInterfaceOrientationPortraitUpsideDown UIInterfaceOrientationLandscapeLeft UIInterfaceOrientationLandscapeRight";
				INFOPLIST_KEY_UISupportedInterfaceOrientations_iPhone = "UIInterfaceOrientationPortrait UIInterfaceOrientationLandscapeLeft UIInterfaceOrientationLandscapeRight";
				LD_RUNPATH_SEARCH_PATHS = (
					"$(inherited)",
					"@executable_path/Frameworks",
				);
				MARKETING_VERSION = 1.0;
				PRODUCT_BUNDLE_IDENTIFIER = it.LearningApp;
				PRODUCT_NAME = "$(TARGET_NAME)";
				SWIFT_EMIT_LOC_STRINGS = YES;
				SWIFT_VERSION = 5.0;
				TARGETED_DEVICE_FAMILY = "1,2";
			};
			name = Release;
		};
/* End XCBuildConfiguration section */

/* Begin XCConfigurationList section */
		C44FCC7B27B3D4CB006EFBB2 /* Build configuration list for PBXProject "LearningApp" */ = {
			isa = XCConfigurationList;
			buildConfigurations = (
				C44FCC8C27B3D4CC006EFBB2 /* Debug */,
				C44FCC8D27B3D4CC006EFBB2 /* Release */,
			);
			defaultConfigurationIsVisible = 0;
			defaultConfigurationName = Release;
		};
		C44FCC8E27B3D4CC006EFBB2 /* Build configuration list for PBXNativeTarget "LearningApp" */ = {
			isa = XCConfigurationList;
			buildConfigurations = (
				C44FCC8F27B3D4CC006EFBB2 /* Debug */,
				C44FCC9027B3D4CC006EFBB2 /* Release */,
			);
			defaultConfigurationIsVisible = 0;
			defaultConfigurationName = Release;
		};
/* End XCConfigurationList section */
	};
	rootObject = C44FCC7827B3D4CB006EFBB2 /* Project object */;
}
